github.com/goki/vulkan v1.0.8 h1:yx7GPP3wZOFeJ25wEneHk08fOSlUz/wxHBBCiCB1G18=
github.com/goki/vulkan v1.0.8/go.mod h1:xPwQgSdRep28xG1Tn4yysNGFORyCsAZcf9DcljIxGRs=
github.com/mibk/dupl v1.1.0 h1:Xy+7bed79GsNmv8UZoTU+MyEp2E+y4lGnvRvhVbxdJA=
github.com/mibk/dupl v1.1.0/go.mod h1:vyuodddbfgn9L9UncCU4U774dM2+hbx05V5EyPdJpNw=
